lockfileVersion: '9.0'

settings:
  autoInstallPeers: true
  excludeLinksFromLockfile: false

importers:

  .:
    dependencies:
      regexp-util:
        specifier: ^2.0.3
        version: 2.0.3

packages:

  regexp-util@2.0.3:
    resolution: {integrity: sha512-GP6h9OgJmhAZpb3dbNbXTfRWVnGcoMhWRZv/HxgM4/qCVqs1P9ukQdYxaUhjWBSAs9oJ/uPXUUvGT1VMe0Bs0Q==}
    engines: {node: '>=16'}

snapshots:

  regexp-util@2.0.3: {}
